
Microsoft Visual Studio Solution File, Format Version 12.00
# Visual Studio 15
Project("{FAE04EC0-301F-11D3-BF4B-00C04F79EFBC}") = "Assembly-CSharp", "Assembly-CSharp.csproj", "{98A6EB0C-A67E-B0D9-DFBE-5E86E573E108}"
EndProject
Project("{FAE04EC0-301F-11D3-BF4B-00C04F79EFBC}") = "com.unity.animations.springbone", "com.unity.animations.springbone.csproj", "{45246904-6285-930C-5ECB-A9F64FE8E0EB}"
EndProject
Project("{FAE04EC0-301F-11D3-BF4B-00C04F79EFBC}") = "com.unity.animations.springbone.editor", "com.unity.animations.springbone.editor.csproj", "{DB75485E-7E87-1E14-C425-43155E2F24CF}"
EndProject
Project("{FAE04EC0-301F-11D3-BF4B-00C04F79EFBC}") = "Assembly-CSharp-Editor", "Assembly-CSharp-Editor.csproj", "{B9E5A0CC-C13F-E1C3-2F3F-B9AAD3CCA33A}"
EndProject
Project("{FAE04EC0-301F-11D3-BF4B-00C04F79EFBC}") = "Unity.UniversalToonShader.Urp.Editor", "Unity.UniversalToonShader.Urp.Editor.csproj", "{5DFD34C8-206A-41A5-58D4-3AA04CE48320}"
EndProject
Global
	GlobalSection(SolutionConfigurationPlatforms) = preSolution
		Debug|Any CPU = Debug|Any CPU
		Release|Any CPU = Release|Any CPU
	EndGlobalSection
	GlobalSection(ProjectConfigurationPlatforms) = postSolution
		{98A6EB0C-A67E-B0D9-DFBE-5E86E573E108}.Debug|Any CPU.ActiveCfg = Debug|Any CPU
		{98A6EB0C-A67E-B0D9-DFBE-5E86E573E108}.Debug|Any CPU.Build.0 = Debug|Any CPU
		{98A6EB0C-A67E-B0D9-DFBE-5E86E573E108}.Release|Any CPU.ActiveCfg = Release|Any CPU
		{98A6EB0C-A67E-B0D9-DFBE-5E86E573E108}.Release|Any CPU.Build.0 = Release|Any CPU
		{45246904-6285-930C-5ECB-A9F64FE8E0EB}.Debug|Any CPU.ActiveCfg = Debug|Any CPU
		{45246904-6285-930C-5ECB-A9F64FE8E0EB}.Debug|Any CPU.Build.0 = Debug|Any CPU
		{45246904-6285-930C-5ECB-A9F64FE8E0EB}.Release|Any CPU.ActiveCfg = Release|Any CPU
		{45246904-6285-930C-5ECB-A9F64FE8E0EB}.Release|Any CPU.Build.0 = Release|Any CPU
		{DB75485E-7E87-1E14-C425-43155E2F24CF}.Debug|Any CPU.ActiveCfg = Debug|Any CPU
		{DB75485E-7E87-1E14-C425-43155E2F24CF}.Debug|Any CPU.Build.0 = Debug|Any CPU
		{DB75485E-7E87-1E14-C425-43155E2F24CF}.Release|Any CPU.ActiveCfg = Release|Any CPU
		{DB75485E-7E87-1E14-C425-43155E2F24CF}.Release|Any CPU.Build.0 = Release|Any CPU
		{B9E5A0CC-C13F-E1C3-2F3F-B9AAD3CCA33A}.Debug|Any CPU.ActiveCfg = Debug|Any CPU
		{B9E5A0CC-C13F-E1C3-2F3F-B9AAD3CCA33A}.Debug|Any CPU.Build.0 = Debug|Any CPU
		{B9E5A0CC-C13F-E1C3-2F3F-B9AAD3CCA33A}.Release|Any CPU.ActiveCfg = Release|Any CPU
		{B9E5A0CC-C13F-E1C3-2F3F-B9AAD3CCA33A}.Release|Any CPU.Build.0 = Release|Any CPU
		{5DFD34C8-206A-41A5-58D4-3AA04CE48320}.Debug|Any CPU.ActiveCfg = Debug|Any CPU
		{5DFD34C8-206A-41A5-58D4-3AA04CE48320}.Debug|Any CPU.Build.0 = Debug|Any CPU
		{5DFD34C8-206A-41A5-58D4-3AA04CE48320}.Release|Any CPU.ActiveCfg = Release|Any CPU
		{5DFD34C8-206A-41A5-58D4-3AA04CE48320}.Release|Any CPU.Build.0 = Release|Any CPU
	EndGlobalSection
	GlobalSection(SolutionProperties) = preSolution
		HideSolutionNode = FALSE
	EndGlobalSection
EndGlobal
